// !$*UTF8*$!
{
	archiveVersion = 1;
	classes = {
	};
	objectVersion = 46;
	objects = {

/* Begin PBXBuildFile section */
		0FDC5FA815DDC60B00F11086 /* UIKit.framework in Frameworks */ = {isa = PBXBuildFile; fileRef = 0FDC5FA715DDC60B00F11086 /* UIKit.framework */; };
		0FDC5FAA15DDC60B00F11086 /* Foundation.framework in Frameworks */ = {isa = PBXBuildFile; fileRef = 0FDC5FA915DDC60B00F11086 /* Foundation.framework */; };
		0FDC5FAC15DDC60B00F11086 /* CoreGraphics.framework in Frameworks */ = {isa = PBXBuildFile; fileRef = 0FDC5FAB15DDC60B00F11086 /* CoreGraphics.framework */; };
		0FDC5FB215DDC60B00F11086 /* InfoPlist.strings in Resources */ = {isa = PBXBuildFile; fileRef = 0FDC5FB015DDC60B00F11086 /* InfoPlist.strings */; };
		0FDC5FB415DDC60B00F11086 /* main.m in Sources */ = {isa = PBXBuildFile; fileRef = 0FDC5FB315DDC60B00F11086 /* main.m */; };
		0FDC5FB815DDC60B00F11086 /* HypnosisterAppDelegate.m in Sources */ = {isa = PBXBuildFile; fileRef = 0FDC5FB715DDC60B00F11086 /* HypnosisterAppDelegate.m */; };
		0FDC5FC615DDCA7A00F11086 /* HypnosisView.m in Sources */ = {isa = PBXBuildFile; fileRef = 0FDC5FC515DDCA7A00F11086 /* HypnosisView.m */; };
/* End PBXBuildFile section */

/* Begin PBXFileReference section */
		0FDC5FA315DDC60B00F11086 /* Hypnosister.app */ = {isa = PBXFileReference; explicitFileType = wrapper.application; includeInIndex = 0; path = Hypnosister.app; sourceTree = BUILT_PRODUCTS_DIR; };
		0FDC5FA715DDC60B00F11086 /* UIKit.framework */ = {isa = PBXFileReference; lastKnownFileType = wrapper.framework; name = UIKit.framework; path = System/Library/Frameworks/UIKit.framework; sourceTree = SDKROOT; };
		0FDC5FA915DDC60B00F11086 /* Foundation.framework */ = {isa = PBXFileReference; lastKnownFileType = wrapper.framework; name = Foundation.framework; path = System/Library/Frameworks/Foundation.framework; sourceTree = SDKROOT; };
		0FDC5FAB15DDC60B00F11086 /* CoreGraphics.framework */ = {isa = PBXFileReference; lastKnownFileType = wrapper.framework; name = CoreGraphics.framework; path = System/Library/Frameworks/CoreGraphics.framework; sourceTree = SDKROOT; };
		0FDC5FAF15DDC60B00F11086 /* Hypnosister-Info.plist */ = {isa = PBXFileReference; lastKnownFileType = text.plist.xml; path = "Hypnosister-Info.plist"; sourceTree = "<group>"; };
		0FDC5FB115DDC60B00F11086 /* en */ = {isa = PBXFileReference; lastKnownFileType = text.plist.strings; name = en; path = en.lproj/InfoPlist.strings; sourceTree = "<group>"; };
		0FDC5FB315DDC60B00F11086 /* main.m */ = {isa = PBXFileReference; lastKnownFileType = sourcecode.c.objc; path = main.m; sourceTree = "<group>"; };
		0FDC5FB515DDC60B00F11086 /* Hypnosister-Prefix.pch */ = {isa = PBXFileReference; lastKnownFileType = sourcecode.c.h; path = "Hypnosister-Prefix.pch"; sourceTree = "<group>"; };
		0FDC5FB615DDC60B00F11086 /* HypnosisterAppDelegate.h */ = {isa = PBXFileReference; lastKnownFileType = sourcecode.c.h; path = HypnosisterAppDelegate.h; sourceTree = "<group>"; };
		0FDC5FB715DDC60B00F11086 /* HypnosisterAppDelegate.m */ = {isa = PBXFileReference; lastKnownFileType = sourcecode.c.objc; path = HypnosisterAppDelegate.m; sourceTree = "<group>"; };
		0FDC5FC415DDCA7A00F11086 /* HypnosisView.h */ = {isa = PBXFileReference; fileEncoding = 4; lastKnownFileType = sourcecode.c.h; path = HypnosisView.h; sourceTree = "<group>"; };
		0FDC5FC515DDCA7A00F11086 /* HypnosisView.m */ = {isa = PBXFileReference; fileEncoding = 4; lastKnownFileType = sourcecode.c.objc; path = HypnosisView.m; sourceTree = "<group>"; };
/* End PBXFileReference section */

/* Begin PBXFrameworksBuildPhase section */
		0FDC5FA015DDC60B00F11086 /* Frameworks */ = {
			isa = PBXFrameworksBuildPhase;
			buildActionMask = 2147483647;
			files = (
				0FDC5FA815DDC60B00F11086 /* UIKit.framework in Frameworks */,
				0FDC5FAA15DDC60B00F11086 /* Foundation.framework in Frameworks */,
				0FDC5FAC15DDC60B00F11086 /* CoreGraphics.framework in Frameworks */,
			);
			runOnlyForDeploymentPostprocessing = 0;
		};
/* End PBXFrameworksBuildPhase section */

/* Begin PBXGroup section */
		0FDC5F9815DDC60B00F11086 = {
			isa = PBXGroup;
			children = (
				0FDC5FAD15DDC60B00F11086 /* Hypnosister */,
				0FDC5FA615DDC60B00F11086 /* Frameworks */,
				0FDC5FA415DDC60B00F11086 /* Products */,
			);
			sourceTree = "<group>";
		};
		0FDC5FA415DDC60B00F11086 /* Products */ = {
			isa = PBXGroup;
			children = (
				0FDC5FA315DDC60B00F11086 /* Hypnosister.app */,
			);
			name = Products;
			sourceTree = "<group>";
		};
		0FDC5FA615DDC60B00F11086 /* Frameworks */ = {
			isa = PBXGroup;
			children = (
				0FDC5FA715DDC60B00F11086 /* UIKit.framework */,
				0FDC5FA915DDC60B00F11086 /* Foundation.framework */,
				0FDC5FAB15DDC60B00F11086 /* CoreGraphics.framework */,
			);
			name = Frameworks;
			sourceTree = "<group>";
		};
		0FDC5FAD15DDC60B00F11086 /* Hypnosister */ = {
			isa = PBXGroup;
			children = (
				0FDC5FB615DDC60B00F11086 /* HypnosisterAppDelegate.h */,
				0FDC5FB715DDC60B00F11086 /* HypnosisterAppDelegate.m */,
				0FDC5FAE15DDC60B00F11086 /* Supporting Files */,
				0FDC5FC415DDCA7A00F11086 /* HypnosisView.h */,
				0FDC5FC515DDCA7A00F11086 /* HypnosisView.m */,
			);
			path = Hypnosister;
			sourceTree = "<group>";
		};
		0FDC5FAE15DDC60B00F11086 /* Supporting Files */ = {
			isa = PBXGroup;
			children = (
				0FDC5FAF15DDC60B00F11086 /* Hypnosister-Info.plist */,
				0FDC5FB015DDC60B00F11086 /* InfoPlist.strings */,
				0FDC5FB315DDC60B00F11086 /* main.m */,
				0FDC5FB515DDC60B00F11086 /* Hypnosister-Prefix.pch */,
			);
			name = "Supporting Files";
			sourceTree = "<group>";
		};
/* End PBXGroup section */

/* Begin PBXNativeTarget section */
		0FDC5FA215DDC60B00F11086 /* Hypnosister */ = {
			isa = PBXNativeTarget;
			buildConfigurationList = 0FDC5FBB15DDC60B00F11086 /* Build configuration list for PBXNativeTarget "Hypnosister" */;
			buildPhases = (
				0FDC5F9F15DDC60B00F11086 /* Sources */,
				0FDC5FA015DDC60B00F11086 /* Frameworks */,
				0FDC5FA115DDC60B00F11086 /* Resources */,
			);
			buildRules = (
			);
			dependencies = (
			);
			name = Hypnosister;
			productName = Hypnosister;
			productReference = 0FDC5FA315DDC60B00F11086 /* Hypnosister.app */;
			productType = "com.apple.product-type.application";
		};
/* End PBXNativeTarget section */

/* Begin PBXProject section */
		0FDC5F9A15DDC60B00F11086 /* Project object */ = {
			isa = PBXProject;
			attributes = {
				CLASSPREFIX = Hypnosister;
				LastUpgradeCheck = 0440;
				ORGANIZATIONNAME = "Neo Yuchen";
			};
			buildConfigurationList = 0FDC5F9D15DDC60B00F11086 /* Build configuration list for PBXProject "Hypnosister" */;
			compatibilityVersion = "Xcode 3.2";
			developmentRegion = English;
			hasScannedForEncodings = 0;
			knownRegions = (
				en,
			);
			mainGroup = 0FDC5F9815DDC60B00F11086;
			productRefGroup = 0FDC5FA415DDC60B00F11086 /* Products */;
			projectDirPath = "";
			projectRoot = "";
			targets = (
				0FDC5FA215DDC60B00F11086 /* Hypnosister */,
			);
		};
/* End PBXProject section */

/* Begin PBXResourcesBuildPhase section */
		0FDC5FA115DDC60B00F11086 /* Resources */ = {
			isa = PBXResourcesBuildPhase;
			buildActionMask = 2147483647;
			files = (
				0FDC5FB215DDC60B00F11086 /* InfoPlist.strings in Resources */,
			);
			runOnlyForDeploymentPostprocessing = 0;
		};
/* End PBXResourcesBuildPhase section */

/* Begin PBXSourcesBuildPhase section */
		0FDC5F9F15DDC60B00F11086 /* Sources */ = {
			isa = PBXSourcesBuildPhase;
			buildActionMask = 2147483647;
			files = (
				0FDC5FB415DDC60B00F11086 /* main.m in Sources */,
				0FDC5FB815DDC60B00F11086 /* HypnosisterAppDelegate.m in Sources */,
				0FDC5FC615DDCA7A00F11086 /* HypnosisView.m in Sources */,
			);
			runOnlyForDeploymentPostprocessing = 0;
		};
/* End PBXSourcesBuildPhase section */

/* Begin PBXVariantGroup section */
		0FDC5FB015DDC60B00F11086 /* InfoPlist.strings */ = {
			isa = PBXVariantGroup;
			children = (
				0FDC5FB115DDC60B00F11086 /* en */,
			);
			name = InfoPlist.strings;
			sourceTree = "<group>";
		};
/* End PBXVariantGroup section */

/* Begin XCBuildConfiguration section */
		0FDC5FB915DDC60B00F11086 /* Debug */ = {
			isa = XCBuildConfiguration;
			buildSettings = {
				ALWAYS_SEARCH_USER_PATHS = NO;
				ARCHS = "$(ARCHS_STANDARD_32_BIT)";
				CLANG_CXX_LANGUAGE_STANDARD = "gnu++0x";
				CLANG_ENABLE_OBJC_ARC = YES;
				CLANG_WARN__DUPLICATE_METHOD_MATCH = YES;
				"CODE_SIGN_IDENTITY[sdk=iphoneos*]" = "iPhone Developer";
				COPY_PHASE_STRIP = NO;
				GCC_C_LANGUAGE_STANDARD = gnu99;
				GCC_DYNAMIC_NO_PIC = NO;
				GCC_OPTIMIZATION_LEVEL = 0;
				GCC_PREPROCESSOR_DEFINITIONS = (
					"DEBUG=1",
					"$(inherited)",
				);
				GCC_SYMBOLS_PRIVATE_EXTERN = NO;
				GCC_VERSION = com.apple.compilers.llvm.clang.1_0;
				GCC_WARN_ABOUT_RETURN_TYPE = YES;
				GCC_WARN_UNINITIALIZED_AUTOS = YES;
				GCC_WARN_UNUSED_VARIABLE = YES;
				IPHONEOS_DEPLOYMENT_TARGET = 5.1;
				SDKROOT = iphoneos;
			};
			name = Debug;
		};
		0FDC5FBA15DDC60B00F11086 /* Release */ = {
			isa = XCBuildConfiguration;
			buildSettings = {
				ALWAYS_SEARCH_USER_PATHS = NO;
				ARCHS = "$(ARCHS_STANDARD_32_BIT)";
				CLANG_CXX_LANGUAGE_STANDARD = "gnu++0x";
				CLANG_ENABLE_OBJC_ARC = YES;
				CLANG_WARN__DUPLICATE_METHOD_MATCH = YES;
				"CODE_SIGN_IDENTITY[sdk=iphoneos*]" = "iPhone Developer";
				COPY_PHASE_STRIP = YES;
				GCC_C_LANGUAGE_STANDARD = gnu99;
				GCC_VERSION = com.apple.compilers.llvm.clang.1_0;
				GCC_WARN_ABOUT_RETURN_TYPE = YES;
				GCC_WARN_UNINITIALIZED_AUTOS = YES;
				GCC_WARN_UNUSED_VARIABLE = YES;
				IPHONEOS_DEPLOYMENT_TARGET = 5.1;
				OTHER_CFLAGS = "-DNS_BLOCK_ASSERTIONS=1";
				SDKROOT = iphoneos;
				VALIDATE_PRODUCT = YES;
			};
			name = Release;
		};
		0FDC5FBC15DDC60B00F11086 /* Debug */ = {
			isa = XCBuildConfiguration;
			buildSettings = {
				GCC_PRECOMPILE_PREFIX_HEADER = YES;
				GCC_PREFIX_HEADER = "Hypnosister/Hypnosister-Prefix.pch";
				INFOPLIST_FILE = "Hypnosister/Hypnosister-Info.plist";
				PRODUCT_NAME = "$(TARGET_NAME)";
				WRAPPER_EXTENSION = app;
			};
			name = Debug;
		};
		0FDC5FBD15DDC60B00F11086 /* Release */ = {
			isa = XCBuildConfiguration;
			buildSettings = {
				GCC_PRECOMPILE_PREFIX_HEADER = YES;
				GCC_PREFIX_HEADER = "Hypnosister/Hypnosister-Prefix.pch";
				INFOPLIST_FILE = "Hypnosister/Hypnosister-Info.plist";
				PRODUCT_NAME = "$(TARGET_NAME)";
				WRAPPER_EXTENSION = app;
			};
			name = Release;
		};
/* End XCBuildConfiguration section */

/* Begin XCConfigurationList section */
		0FDC5F9D15DDC60B00F11086 /* Build configuration list for PBXProject "Hypnosister" */ = {
			isa = XCConfigurationList;
			buildConfigurations = (
				0FDC5FB915DDC60B00F11086 /* Debug */,
				0FDC5FBA15DDC60B00F11086 /* Release */,
			);
			defaultConfigurationIsVisible = 0;
			defaultConfigurationName = Release;
		};
		0FDC5FBB15DDC60B00F11086 /* Build configuration list for PBXNativeTarget "Hypnosister" */ = {
			isa = XCConfigurationList;
			buildConfigurations = (
				0FDC5FBC15DDC60B00F11086 /* Debug */,
				0FDC5FBD15DDC60B00F11086 /* Release */,
			);
			defaultConfigurationIsVisible = 0;
		};
/* End XCConfigurationList section */
	};
	rootObject = 0FDC5F9A15DDC60B00F11086 /* Project object */;
}
